
Microsoft Visual Studio Solution File, Format Version 12.00
# Visual Studio Version 16
VisualStudioVersion = 16.0.30907.101
MinimumVisualStudioVersion = 10.0.40219.1
Project("{FAE04EC0-301F-11D3-BF4B-00C04F79EFBC}") = "Homework1", "Homework1.csproj", "{AF876CAD-8C82-4CD8-8575-BED60709A0BB}"
EndProject
Global
	GlobalSection(SolutionConfigurationPlatforms) = preSolution
		Debug|Any CPU = Debug|Any CPU
		Release|Any CPU = Release|Any CPU
	EndGlobalSection
	GlobalSection(ProjectConfigurationPlatforms) = postSolution
		{AF876CAD-8C82-4CD8-8575-BED60709A0BB}.Debug|Any CPU.ActiveCfg = Debug|Any CPU
		{AF876CAD-8C82-4CD8-8575-BED60709A0BB}.Debug|Any CPU.Build.0 = Debug|Any CPU
		{AF876CAD-8C82-4CD8-8575-BED60709A0BB}.Release|Any CPU.ActiveCfg = Release|Any CPU
		{AF876CAD-8C82-4CD8-8575-BED60709A0BB}.Release|Any CPU.Build.0 = Release|Any CPU
	EndGlobalSection
	GlobalSection(SolutionProperties) = preSolution
		HideSolutionNode = FALSE
	EndGlobalSection
	GlobalSection(ExtensibilityGlobals) = postSolution
		SolutionGuid = {D251C045-2DFB-40EA-BE79-BA84E95548ED}
	EndGlobalSection
EndGlobal
